// !$*UTF8*$!
{
	archiveVersion = 1;
	classes = {
	};
	objectVersion = 52;
	objects = {

/* Begin PBXBuildFile section */
		83D749052497389F00851AB0 /* AppDelegate.swift in Sources */ = {isa = PBXBuildFile; fileRef = 83D749042497389F00851AB0 /* AppDelegate.swift */; };
		83D749072497389F00851AB0 /* SceneDelegate.swift in Sources */ = {isa = PBXBuildFile; fileRef = 83D749062497389F00851AB0 /* SceneDelegate.swift */; };
		83D749092497389F00851AB0 /* ViewController.swift in Sources */ = {isa = PBXBuildFile; fileRef = 83D749082497389F00851AB0 /* ViewController.swift */; };
		83D7490E249738A000851AB0 /* Assets.xcassets in Resources */ = {isa = PBXBuildFile; fileRef = 83D7490D249738A000851AB0 /* Assets.xcassets */; };
		83D74911249738A000851AB0 /* LaunchScreen.storyboard in Resources */ = {isa = PBXBuildFile; fileRef = 83D7490F249738A000851AB0 /* LaunchScreen.storyboard */; };
		83D7491C249738A000851AB0 /* Movie_AppTests.swift in Sources */ = {isa = PBXBuildFile; fileRef = 83D7491B249738A000851AB0 /* Movie_AppTests.swift */; };
		83D74927249738A000851AB0 /* Movie_AppUITests.swift in Sources */ = {isa = PBXBuildFile; fileRef = 83D74926249738A000851AB0 /* Movie_AppUITests.swift */; };
		83D7493C249739F400851AB0 /* JSONParameterEncoding.swift in Sources */ = {isa = PBXBuildFile; fileRef = 83D7493B249739F400851AB0 /* JSONParameterEncoding.swift */; };
		83D7493E24973A0400851AB0 /* ParameterEncoding.swift in Sources */ = {isa = PBXBuildFile; fileRef = 83D7493D24973A0400851AB0 /* ParameterEncoding.swift */; };
		83D7494024973A1300851AB0 /* URLParameterEncoding.swift in Sources */ = {isa = PBXBuildFile; fileRef = 83D7493F24973A1300851AB0 /* URLParameterEncoding.swift */; };
		83D7494224973A3300851AB0 /* MovieEndpoint.swift in Sources */ = {isa = PBXBuildFile; fileRef = 83D7494124973A3300851AB0 /* MovieEndpoint.swift */; };
		83D7494424973A4900851AB0 /* NetworkManager.swift in Sources */ = {isa = PBXBuildFile; fileRef = 83D7494324973A4900851AB0 /* NetworkManager.swift */; };
		83D7495224973E7000851AB0 /* MoviesListViewController.swift in Sources */ = {isa = PBXBuildFile; fileRef = 83D7495124973E7000851AB0 /* MoviesListViewController.swift */; };
		83D7495424973E8800851AB0 /* MovieDetailViewController.swift in Sources */ = {isa = PBXBuildFile; fileRef = 83D7495324973E8800851AB0 /* MovieDetailViewController.swift */; };
		83D7495924973F9200851AB0 /* MoviesListCollectionViewCell.swift in Sources */ = {isa = PBXBuildFile; fileRef = 83D7495824973F9200851AB0 /* MoviesListCollectionViewCell.swift */; };
		83D7495B24973FC100851AB0 /* MovieDetailBaseTableViewCell.swift in Sources */ = {isa = PBXBuildFile; fileRef = 83D7495A24973FC100851AB0 /* MovieDetailBaseTableViewCell.swift */; };
		83D7495D2497407A00851AB0 /* MovieDetailPosterTableViewCell.swift in Sources */ = {isa = PBXBuildFile; fileRef = 83D7495C2497407A00851AB0 /* MovieDetailPosterTableViewCell.swift */; };
		83D7495F249740D200851AB0 /* MovieDetailTitleTableViewCell.swift in Sources */ = {isa = PBXBuildFile; fileRef = 83D7495E249740D200851AB0 /* MovieDetailTitleTableViewCell.swift */; };
		83D749612497413300851AB0 /* MovieDetailRatingnPlotTableViewCell.swift in Sources */ = {isa = PBXBuildFile; fileRef = 83D749602497413300851AB0 /* MovieDetailRatingnPlotTableViewCell.swift */; };
		83D749632497417700851AB0 /* MovieDetailCreditsTableViewCell.swift in Sources */ = {isa = PBXBuildFile; fileRef = 83D749622497417700851AB0 /* MovieDetailCreditsTableViewCell.swift */; };
		83D7496F24974E5100851AB0 /* IdentifierProtocol.swift in Sources */ = {isa = PBXBuildFile; fileRef = 83D7496E24974E5100851AB0 /* IdentifierProtocol.swift */; };
		83D749722497500C00851AB0 /* SDWebImage in Frameworks */ = {isa = PBXBuildFile; productRef = 83D749712497500C00851AB0 /* SDWebImage */; };
		83D74975249752C000851AB0 /* Movie.swift in Sources */ = {isa = PBXBuildFile; fileRef = 83D74974249752C000851AB0 /* Movie.swift */; };
		83D74977249758C800851AB0 /* Service in Resources */ = {isa = PBXBuildFile; fileRef = 83D74976249758C800851AB0 /* Service */; };
/* End PBXBuildFile section */

/* Begin PBXContainerItemProxy section */
		83D74918249738A000851AB0 /* PBXContainerItemProxy */ = {
			isa = PBXContainerItemProxy;
			containerPortal = 83D748F92497389F00851AB0 /* Project object */;
			proxyType = 1;
			remoteGlobalIDString = 83D749002497389F00851AB0;
			remoteInfo = Movie_App;
		};
		83D74923249738A000851AB0 /* PBXContainerItemProxy */ = {
			isa = PBXContainerItemProxy;
			containerPortal = 83D748F92497389F00851AB0 /* Project object */;
			proxyType = 1;
			remoteGlobalIDString = 83D749002497389F00851AB0;
			remoteInfo = Movie_App;
		};
/* End PBXContainerItemProxy section */

/* Begin PBXFileReference section */
		83D749012497389F00851AB0 /* Movie_App.app */ = {isa = PBXFileReference; explicitFileType = wrapper.application; includeInIndex = 0; path = Movie_App.app; sourceTree = BUILT_PRODUCTS_DIR; };
		83D749042497389F00851AB0 /* AppDelegate.swift */ = {isa = PBXFileReference; lastKnownFileType = sourcecode.swift; path = AppDelegate.swift; sourceTree = "<group>"; };
		83D749062497389F00851AB0 /* SceneDelegate.swift */ = {isa = PBXFileReference; lastKnownFileType = sourcecode.swift; path = SceneDelegate.swift; sourceTree = "<group>"; };
		83D749082497389F00851AB0 /* ViewController.swift */ = {isa = PBXFileReference; lastKnownFileType = sourcecode.swift; path = ViewController.swift; sourceTree = "<group>"; };
		83D7490D249738A000851AB0 /* Assets.xcassets */ = {isa = PBXFileReference; lastKnownFileType = folder.assetcatalog; path = Assets.xcassets; sourceTree = "<group>"; };
		83D74910249738A000851AB0 /* Base */ = {isa = PBXFileReference; lastKnownFileType = file.storyboard; name = Base; path = Base.lproj/LaunchScreen.storyboard; sourceTree = "<group>"; };
		83D74912249738A000851AB0 /* Info.plist */ = {isa = PBXFileReference; lastKnownFileType = text.plist.xml; path = Info.plist; sourceTree = "<group>"; };
		83D74917249738A000851AB0 /* Movie_AppTests.xctest */ = {isa = PBXFileReference; explicitFileType = wrapper.cfbundle; includeInIndex = 0; path = Movie_AppTests.xctest; sourceTree = BUILT_PRODUCTS_DIR; };
		83D7491B249738A000851AB0 /* Movie_AppTests.swift */ = {isa = PBXFileReference; lastKnownFileType = sourcecode.swift; path = Movie_AppTests.swift; sourceTree = "<group>"; };
		83D7491D249738A000851AB0 /* Info.plist */ = {isa = PBXFileReference; lastKnownFileType = text.plist.xml; path = Info.plist; sourceTree = "<group>"; };
		83D74922249738A000851AB0 /* Movie_AppUITests.xctest */ = {isa = PBXFileReference; explicitFileType = wrapper.cfbundle; includeInIndex = 0; path = Movie_AppUITests.xctest; sourceTree = BUILT_PRODUCTS_DIR; };
		83D74926249738A000851AB0 /* Movie_AppUITests.swift */ = {isa = PBXFileReference; lastKnownFileType = sourcecode.swift; path = Movie_AppUITests.swift; sourceTree = "<group>"; };
		83D74928249738A000851AB0 /* Info.plist */ = {isa = PBXFileReference; lastKnownFileType = text.plist.xml; path = Info.plist; sourceTree = "<group>"; };
		83D7493B249739F400851AB0 /* JSONParameterEncoding.swift */ = {isa = PBXFileReference; lastKnownFileType = sourcecode.swift; path = JSONParameterEncoding.swift; sourceTree = "<group>"; };
		83D7493D24973A0400851AB0 /* ParameterEncoding.swift */ = {isa = PBXFileReference; lastKnownFileType = sourcecode.swift; path = ParameterEncoding.swift; sourceTree = "<group>"; };
		83D7493F24973A1300851AB0 /* URLParameterEncoding.swift */ = {isa = PBXFileReference; lastKnownFileType = sourcecode.swift; path = URLParameterEncoding.swift; sourceTree = "<group>"; };
		83D7494124973A3300851AB0 /* MovieEndpoint.swift */ = {isa = PBXFileReference; lastKnownFileType = sourcecode.swift; path = MovieEndpoint.swift; sourceTree = "<group>"; };
		83D7494324973A4900851AB0 /* NetworkManager.swift */ = {isa = PBXFileReference; lastKnownFileType = sourcecode.swift; path = NetworkManager.swift; sourceTree = "<group>"; };
		83D7495124973E7000851AB0 /* MoviesListViewController.swift */ = {isa = PBXFileReference; lastKnownFileType = sourcecode.swift; path = MoviesListViewController.swift; sourceTree = "<group>"; };
		83D7495324973E8800851AB0 /* MovieDetailViewController.swift */ = {isa = PBXFileReference; lastKnownFileType = sourcecode.swift; path = MovieDetailViewController.swift; sourceTree = "<group>"; };
		83D7495824973F9200851AB0 /* MoviesListCollectionViewCell.swift */ = {isa = PBXFileReference; lastKnownFileType = sourcecode.swift; path = MoviesListCollectionViewCell.swift; sourceTree = "<group>"; };
		83D7495A24973FC100851AB0 /* MovieDetailBaseTableViewCell.swift */ = {isa = PBXFileReference; lastKnownFileType = sourcecode.swift; path = MovieDetailBaseTableViewCell.swift; sourceTree = "<group>"; };
		83D7495C2497407A00851AB0 /* MovieDetailPosterTableViewCell.swift */ = {isa = PBXFileReference; lastKnownFileType = sourcecode.swift; path = MovieDetailPosterTableViewCell.swift; sourceTree = "<group>"; };
		83D7495E249740D200851AB0 /* MovieDetailTitleTableViewCell.swift */ = {isa = PBXFileReference; lastKnownFileType = sourcecode.swift; path = MovieDetailTitleTableViewCell.swift; sourceTree = "<group>"; };
		83D749602497413300851AB0 /* MovieDetailRatingnPlotTableViewCell.swift */ = {isa = PBXFileReference; lastKnownFileType = sourcecode.swift; path = MovieDetailRatingnPlotTableViewCell.swift; sourceTree = "<group>"; };
		83D749622497417700851AB0 /* MovieDetailCreditsTableViewCell.swift */ = {isa = PBXFileReference; lastKnownFileType = sourcecode.swift; path = MovieDetailCreditsTableViewCell.swift; sourceTree = "<group>"; };
		83D7496E24974E5100851AB0 /* IdentifierProtocol.swift */ = {isa = PBXFileReference; lastKnownFileType = sourcecode.swift; path = IdentifierProtocol.swift; sourceTree = "<group>"; };
		83D74974249752C000851AB0 /* Movie.swift */ = {isa = PBXFileReference; lastKnownFileType = sourcecode.swift; path = Movie.swift; sourceTree = "<group>"; };
		83D74976249758C800851AB0 /* Service */ = {isa = PBXFileReference; lastKnownFileType = folder; path = Service; sourceTree = "<group>"; };
/* End PBXFileReference section */

/* Begin PBXFrameworksBuildPhase section */
		83D748FE2497389F00851AB0 /* Frameworks */ = {
			isa = PBXFrameworksBuildPhase;
			buildActionMask = 2147483647;
			files = (
				83D749722497500C00851AB0 /* SDWebImage in Frameworks */,
			);
			runOnlyForDeploymentPostprocessing = 0;
		};
		83D74914249738A000851AB0 /* Frameworks */ = {
			isa = PBXFrameworksBuildPhase;
			buildActionMask = 2147483647;
			files = (
			);
			runOnlyForDeploymentPostprocessing = 0;
		};
		83D7491F249738A000851AB0 /* Frameworks */ = {
			isa = PBXFrameworksBuildPhase;
			buildActionMask = 2147483647;
			files = (
			);
			runOnlyForDeploymentPostprocessing = 0;
		};
/* End PBXFrameworksBuildPhase section */

/* Begin PBXGroup section */
		83D748F82497389F00851AB0 = {
			isa = PBXGroup;
			children = (
				83D749032497389F00851AB0 /* Movie_App */,
				83D7491A249738A000851AB0 /* Movie_AppTests */,
				83D7494F24973E1F00851AB0 /* View */,
				83D74925249738A000851AB0 /* Movie_AppUITests */,
				83D749022497389F00851AB0 /* Products */,
			);
			sourceTree = "<group>";
		};
		83D749022497389F00851AB0 /* Products */ = {
			isa = PBXGroup;
			children = (
				83D749012497389F00851AB0 /* Movie_App.app */,
				83D74917249738A000851AB0 /* Movie_AppTests.xctest */,
				83D74922249738A000851AB0 /* Movie_AppUITests.xctest */,
			);
			name = Products;
			sourceTree = "<group>";
		};
		83D749032497389F00851AB0 /* Movie_App */ = {
			isa = PBXGroup;
			children = (
				83D749732497528000851AB0 /* Model */,
				83D7496924974D5500851AB0 /* Helper */,
				83D749362497397D00851AB0 /* Network */,
				83D749042497389F00851AB0 /* AppDelegate.swift */,
				83D749062497389F00851AB0 /* SceneDelegate.swift */,
				83D749082497389F00851AB0 /* ViewController.swift */,
				83D7490D249738A000851AB0 /* Assets.xcassets */,
				83D7490F249738A000851AB0 /* LaunchScreen.storyboard */,
				83D74912249738A000851AB0 /* Info.plist */,
			);
			path = Movie_App;
			sourceTree = "<group>";
		};
		83D7491A249738A000851AB0 /* Movie_AppTests */ = {
			isa = PBXGroup;
			children = (
				83D7491B249738A000851AB0 /* Movie_AppTests.swift */,
				83D7491D249738A000851AB0 /* Info.plist */,
			);
			path = Movie_AppTests;
			sourceTree = "<group>";
		};
		83D74925249738A000851AB0 /* Movie_AppUITests */ = {
			isa = PBXGroup;
			children = (
				83D74926249738A000851AB0 /* Movie_AppUITests.swift */,
				83D74928249738A000851AB0 /* Info.plist */,
			);
			path = Movie_AppUITests;
			sourceTree = "<group>";
		};
		83D749362497397D00851AB0 /* Network */ = {
			isa = PBXGroup;
			children = (
				83D74976249758C800851AB0 /* Service */,
				83D74939249739BF00851AB0 /* Manager */,
				83D74938249739B100851AB0 /* Endpoint */,
				83D749372497399F00851AB0 /* Encoding */,
			);
			path = Network;
			sourceTree = "<group>";
		};
		83D749372497399F00851AB0 /* Encoding */ = {
			isa = PBXGroup;
			children = (
				83D7493B249739F400851AB0 /* JSONParameterEncoding.swift */,
				83D7493D24973A0400851AB0 /* ParameterEncoding.swift */,
				83D7493F24973A1300851AB0 /* URLParameterEncoding.swift */,
			);
			path = Encoding;
			sourceTree = "<group>";
		};
		83D74938249739B100851AB0 /* Endpoint */ = {
			isa = PBXGroup;
			children = (
				83D7494124973A3300851AB0 /* MovieEndpoint.swift */,
			);
			path = Endpoint;
			sourceTree = "<group>";
		};
		83D74939249739BF00851AB0 /* Manager */ = {
			isa = PBXGroup;
			children = (
				83D7494324973A4900851AB0 /* NetworkManager.swift */,
			);
			path = Manager;
			sourceTree = "<group>";
		};
		83D7494F24973E1F00851AB0 /* View */ = {
			isa = PBXGroup;
			children = (
				83D7495524973F2B00851AB0 /* Cell */,
				83D7495024973E4100851AB0 /* ViewController */,
			);
			path = View;
			sourceTree = "<group>";
		};
		83D7495024973E4100851AB0 /* ViewController */ = {
			isa = PBXGroup;
			children = (
				83D7495124973E7000851AB0 /* MoviesListViewController.swift */,
				83D7495324973E8800851AB0 /* MovieDetailViewController.swift */,
			);
			path = ViewController;
			sourceTree = "<group>";
		};
		83D7495524973F2B00851AB0 /* Cell */ = {
			isa = PBXGroup;
			children = (
				83D7495724973F5900851AB0 /* MovieDetail */,
				83D7495624973F4D00851AB0 /* MovieList */,
			);
			path = Cell;
			sourceTree = "<group>";
		};
		83D7495624973F4D00851AB0 /* MovieList */ = {
			isa = PBXGroup;
			children = (
				83D7495824973F9200851AB0 /* MoviesListCollectionViewCell.swift */,
			);
			path = MovieList;
			sourceTree = "<group>";
		};
		83D7495724973F5900851AB0 /* MovieDetail */ = {
			isa = PBXGroup;
			children = (
				83D7495A24973FC100851AB0 /* MovieDetailBaseTableViewCell.swift */,
				83D7495C2497407A00851AB0 /* MovieDetailPosterTableViewCell.swift */,
				83D7495E249740D200851AB0 /* MovieDetailTitleTableViewCell.swift */,
				83D749602497413300851AB0 /* MovieDetailRatingnPlotTableViewCell.swift */,
				83D749622497417700851AB0 /* MovieDetailCreditsTableViewCell.swift */,
			);
			path = MovieDetail;
			sourceTree = "<group>";
		};
		83D7496924974D5500851AB0 /* Helper */ = {
			isa = PBXGroup;
			children = (
				83D7496E24974E5100851AB0 /* IdentifierProtocol.swift */,
			);
			path = Helper;
			sourceTree = "<group>";
		};
		83D749732497528000851AB0 /* Model */ = {
			isa = PBXGroup;
			children = (
				83D74974249752C000851AB0 /* Movie.swift */,
			);
			path = Model;
			sourceTree = "<group>";
		};
/* End PBXGroup section */

/* Begin PBXNativeTarget section */
		83D749002497389F00851AB0 /* Movie_App */ = {
			isa = PBXNativeTarget;
			buildConfigurationList = 83D7492B249738A000851AB0 /* Build configuration list for PBXNativeTarget "Movie_App" */;
			buildPhases = (
				83D748FD2497389F00851AB0 /* Sources */,
				83D748FE2497389F00851AB0 /* Frameworks */,
				83D748FF2497389F00851AB0 /* Resources */,
			);
			buildRules = (
			);
			dependencies = (
			);
			name = Movie_App;
			packageProductDependencies = (
				83D749712497500C00851AB0 /* SDWebImage */,
			);
			productName = Movie_App;
			productReference = 83D749012497389F00851AB0 /* Movie_App.app */;
			productType = "com.apple.product-type.application";
		};
		83D74916249738A000851AB0 /* Movie_AppTests */ = {
			isa = PBXNativeTarget;
			buildConfigurationList = 83D7492E249738A000851AB0 /* Build configuration list for PBXNativeTarget "Movie_AppTests" */;
			buildPhases = (
				83D74913249738A000851AB0 /* Sources */,
				83D74914249738A000851AB0 /* Frameworks */,
				83D74915249738A000851AB0 /* Resources */,
			);
			buildRules = (
			);
			dependencies = (
				83D74919249738A000851AB0 /* PBXTargetDependency */,
			);
			name = Movie_AppTests;
			productName = Movie_AppTests;
			productReference = 83D74917249738A000851AB0 /* Movie_AppTests.xctest */;
			productType = "com.apple.product-type.bundle.unit-test";
		};
		83D74921249738A000851AB0 /* Movie_AppUITests */ = {
			isa = PBXNativeTarget;
			buildConfigurationList = 83D74931249738A000851AB0 /* Build configuration list for PBXNativeTarget "Movie_AppUITests" */;
			buildPhases = (
				83D7491E249738A000851AB0 /* Sources */,
				83D7491F249738A000851AB0 /* Frameworks */,
				83D74920249738A000851AB0 /* Resources */,
			);
			buildRules = (
			);
			dependencies = (
				83D74924249738A000851AB0 /* PBXTargetDependency */,
			);
			name = Movie_AppUITests;
			productName = Movie_AppUITests;
			productReference = 83D74922249738A000851AB0 /* Movie_AppUITests.xctest */;
			productType = "com.apple.product-type.bundle.ui-testing";
		};
/* End PBXNativeTarget section */

/* Begin PBXProject section */
		83D748F92497389F00851AB0 /* Project object */ = {
			isa = PBXProject;
			attributes = {
				LastSwiftUpdateCheck = 1130;
				LastUpgradeCheck = 1130;
				ORGANIZATIONNAME = SravsRamesh;
				TargetAttributes = {
					83D749002497389F00851AB0 = {
						CreatedOnToolsVersion = 11.3;
					};
					83D74916249738A000851AB0 = {
						CreatedOnToolsVersion = 11.3;
						TestTargetID = 83D749002497389F00851AB0;
					};
					83D74921249738A000851AB0 = {
						CreatedOnToolsVersion = 11.3;
						TestTargetID = 83D749002497389F00851AB0;
					};
				};
			};
			buildConfigurationList = 83D748FC2497389F00851AB0 /* Build configuration list for PBXProject "Movie_App" */;
			compatibilityVersion = "Xcode 9.3";
			developmentRegion = en;
			hasScannedForEncodings = 0;
			knownRegions = (
				en,
				Base,
			);
			mainGroup = 83D748F82497389F00851AB0;
			packageReferences = (
				83D749702497500C00851AB0 /* XCRemoteSwiftPackageReference "SDWebImage" */,
			);
			productRefGroup = 83D749022497389F00851AB0 /* Products */;
			projectDirPath = "";
			projectRoot = "";
			targets = (
				83D749002497389F00851AB0 /* Movie_App */,
				83D74916249738A000851AB0 /* Movie_AppTests */,
				83D74921249738A000851AB0 /* Movie_AppUITests */,
			);
		};
/* End PBXProject section */

/* Begin PBXResourcesBuildPhase section */
		83D748FF2497389F00851AB0 /* Resources */ = {
			isa = PBXResourcesBuildPhase;
			buildActionMask = 2147483647;
			files = (
				83D74977249758C800851AB0 /* Service in Resources */,
				83D74911249738A000851AB0 /* LaunchScreen.storyboard in Resources */,
				83D7490E249738A000851AB0 /* Assets.xcassets in Resources */,
			);
			runOnlyForDeploymentPostprocessing = 0;
		};
		83D74915249738A000851AB0 /* Resources */ = {
			isa = PBXResourcesBuildPhase;
			buildActionMask = 2147483647;
			files = (
			);
			runOnlyForDeploymentPostprocessing = 0;
		};
		83D74920249738A000851AB0 /* Resources */ = {
			isa = PBXResourcesBuildPhase;
			buildActionMask = 2147483647;
			files = (
			);
			runOnlyForDeploymentPostprocessing = 0;
		};
/* End PBXResourcesBuildPhase section */

/* Begin PBXSourcesBuildPhase section */
		83D748FD2497389F00851AB0 /* Sources */ = {
			isa = PBXSourcesBuildPhase;
			buildActionMask = 2147483647;
			files = (
				83D7495424973E8800851AB0 /* MovieDetailViewController.swift in Sources */,
				83D7493C249739F400851AB0 /* JSONParameterEncoding.swift in Sources */,
				83D74975249752C000851AB0 /* Movie.swift in Sources */,
				83D7494224973A3300851AB0 /* MovieEndpoint.swift in Sources */,
				83D7495B24973FC100851AB0 /* MovieDetailBaseTableViewCell.swift in Sources */,
				83D749632497417700851AB0 /* MovieDetailCreditsTableViewCell.swift in Sources */,
				83D749092497389F00851AB0 /* ViewController.swift in Sources */,
				83D7493E24973A0400851AB0 /* ParameterEncoding.swift in Sources */,
				83D7494424973A4900851AB0 /* NetworkManager.swift in Sources */,
				83D7495224973E7000851AB0 /* MoviesListViewController.swift in Sources */,
				83D749052497389F00851AB0 /* AppDelegate.swift in Sources */,
				83D749612497413300851AB0 /* MovieDetailRatingnPlotTableViewCell.swift in Sources */,
				83D7494024973A1300851AB0 /* URLParameterEncoding.swift in Sources */,
				83D7495D2497407A00851AB0 /* MovieDetailPosterTableViewCell.swift in Sources */,
				83D7495F249740D200851AB0 /* MovieDetailTitleTableViewCell.swift in Sources */,
				83D749072497389F00851AB0 /* SceneDelegate.swift in Sources */,
				83D7496F24974E5100851AB0 /* IdentifierProtocol.swift in Sources */,
				83D7495924973F9200851AB0 /* MoviesListCollectionViewCell.swift in Sources */,
			);
			runOnlyForDeploymentPostprocessing = 0;
		};
		83D74913249738A000851AB0 /* Sources */ = {
			isa = PBXSourcesBuildPhase;
			buildActionMask = 2147483647;
			files = (
				83D7491C249738A000851AB0 /* Movie_AppTests.swift in Sources */,
			);
			runOnlyForDeploymentPostprocessing = 0;
		};
		83D7491E249738A000851AB0 /* Sources */ = {
			isa = PBXSourcesBuildPhase;
			buildActionMask = 2147483647;
			files = (
				83D74927249738A000851AB0 /* Movie_AppUITests.swift in Sources */,
			);
			runOnlyForDeploymentPostprocessing = 0;
		};
/* End PBXSourcesBuildPhase section */

/* Begin PBXTargetDependency section */
		83D74919249738A000851AB0 /* PBXTargetDependency */ = {
			isa = PBXTargetDependency;
			target = 83D749002497389F00851AB0 /* Movie_App */;
			targetProxy = 83D74918249738A000851AB0 /* PBXContainerItemProxy */;
		};
		83D74924249738A000851AB0 /* PBXTargetDependency */ = {
			isa = PBXTargetDependency;
			target = 83D749002497389F00851AB0 /* Movie_App */;
			targetProxy = 83D74923249738A000851AB0 /* PBXContainerItemProxy */;
		};
/* End PBXTargetDependency section */

/* Begin PBXVariantGroup section */
		83D7490F249738A000851AB0 /* LaunchScreen.storyboard */ = {
			isa = PBXVariantGroup;
			children = (
				83D74910249738A000851AB0 /* Base */,
			);
			name = LaunchScreen.storyboard;
			sourceTree = "<group>";
		};
/* End PBXVariantGroup section */

/* Begin XCBuildConfiguration section */
		83D74929249738A000851AB0 /* Debug */ = {
			isa = XCBuildConfiguration;
			buildSettings = {
				ALWAYS_SEARCH_USER_PATHS = NO;
				CLANG_ANALYZER_NONNULL = YES;
				CLANG_ANALYZER_NUMBER_OBJECT_CONVERSION = YES_AGGRESSIVE;
				CLANG_CXX_LANGUAGE_STANDARD = "gnu++14";
				CLANG_CXX_LIBRARY = "libc++";
				CLANG_ENABLE_MODULES = YES;
				CLANG_ENABLE_OBJC_ARC = YES;
				CLANG_ENABLE_OBJC_WEAK = YES;
				CLANG_WARN_BLOCK_CAPTURE_AUTORELEASING = YES;
				CLANG_WARN_BOOL_CONVERSION = YES;
				CLANG_WARN_COMMA = YES;
				CLANG_WARN_CONSTANT_CONVERSION = YES;
				CLANG_WARN_DEPRECATED_OBJC_IMPLEMENTATIONS = YES;
				CLANG_WARN_DIRECT_OBJC_ISA_USAGE = YES_ERROR;
				CLANG_WARN_DOCUMENTATION_COMMENTS = YES;
				CLANG_WARN_EMPTY_BODY = YES;
				CLANG_WARN_ENUM_CONVERSION = YES;
				CLANG_WARN_INFINITE_RECURSION = YES;
				CLANG_WARN_INT_CONVERSION = YES;
				CLANG_WARN_NON_LITERAL_NULL_CONVERSION = YES;
				CLANG_WARN_OBJC_IMPLICIT_RETAIN_SELF = YES;
				CLANG_WARN_OBJC_LITERAL_CONVERSION = YES;
				CLANG_WARN_OBJC_ROOT_CLASS = YES_ERROR;
				CLANG_WARN_RANGE_LOOP_ANALYSIS = YES;
				CLANG_WARN_STRICT_PROTOTYPES = YES;
				CLANG_WARN_SUSPICIOUS_MOVE = YES;
				CLANG_WARN_UNGUARDED_AVAILABILITY = YES_AGGRESSIVE;
				CLANG_WARN_UNREACHABLE_CODE = YES;
				CLANG_WARN__DUPLICATE_METHOD_MATCH = YES;
				COPY_PHASE_STRIP = NO;
				DEBUG_INFORMATION_FORMAT = dwarf;
				ENABLE_STRICT_OBJC_MSGSEND = YES;
				ENABLE_TESTABILITY = YES;
				GCC_C_LANGUAGE_STANDARD = gnu11;
				GCC_DYNAMIC_NO_PIC = NO;
				GCC_NO_COMMON_BLOCKS = YES;
				GCC_OPTIMIZATION_LEVEL = 0;
				GCC_PREPROCESSOR_DEFINITIONS = (
					"DEBUG=1",
					"$(inherited)",
				);
				GCC_WARN_64_TO_32_BIT_CONVERSION = YES;
				GCC_WARN_ABOUT_RETURN_TYPE = YES_ERROR;
				GCC_WARN_UNDECLARED_SELECTOR = YES;
				GCC_WARN_UNINITIALIZED_AUTOS = YES_AGGRESSIVE;
				GCC_WARN_UNUSED_FUNCTION = YES;
				GCC_WARN_UNUSED_VARIABLE = YES;
				IPHONEOS_DEPLOYMENT_TARGET = 13.2;
				MTL_ENABLE_DEBUG_INFO = INCLUDE_SOURCE;
				MTL_FAST_MATH = YES;
				ONLY_ACTIVE_ARCH = YES;
				SDKROOT = iphoneos;
				SWIFT_ACTIVE_COMPILATION_CONDITIONS = DEBUG;
				SWIFT_OPTIMIZATION_LEVEL = "-Onone";
			};
			name = Debug;
		};
		83D7492A249738A000851AB0 /* Release */ = {
			isa = XCBuildConfiguration;
			buildSettings = {
				ALWAYS_SEARCH_USER_PATHS = NO;
				CLANG_ANALYZER_NONNULL = YES;
				CLANG_ANALYZER_NUMBER_OBJECT_CONVERSION = YES_AGGRESSIVE;
				CLANG_CXX_LANGUAGE_STANDARD = "gnu++14";
				CLANG_CXX_LIBRARY = "libc++";
				CLANG_ENABLE_MODULES = YES;
				CLANG_ENABLE_OBJC_ARC = YES;
				CLANG_ENABLE_OBJC_WEAK = YES;
				CLANG_WARN_BLOCK_CAPTURE_AUTORELEASING = YES;
				CLANG_WARN_BOOL_CONVERSION = YES;
				CLANG_WARN_COMMA = YES;
				CLANG_WARN_CONSTANT_CONVERSION = YES;
				CLANG_WARN_DEPRECATED_OBJC_IMPLEMENTATIONS = YES;
				CLANG_WARN_DIRECT_OBJC_ISA_USAGE = YES_ERROR;
				CLANG_WARN_DOCUMENTATION_COMMENTS = YES;
				CLANG_WARN_EMPTY_BODY = YES;
				CLANG_WARN_ENUM_CONVERSION = YES;
				CLANG_WARN_INFINITE_RECURSION = YES;
				CLANG_WARN_INT_CONVERSION = YES;
				CLANG_WARN_NON_LITERAL_NULL_CONVERSION = YES;
				CLANG_WARN_OBJC_IMPLICIT_RETAIN_SELF = YES;
				CLANG_WARN_OBJC_LITERAL_CONVERSION = YES;
				CLANG_WARN_OBJC_ROOT_CLASS = YES_ERROR;
				CLANG_WARN_RANGE_LOOP_ANALYSIS = YES;
				CLANG_WARN_STRICT_PROTOTYPES = YES;
				CLANG_WARN_SUSPICIOUS_MOVE = YES;
				CLANG_WARN_UNGUARDED_AVAILABILITY = YES_AGGRESSIVE;
				CLANG_WARN_UNREACHABLE_CODE = YES;
				CLANG_WARN__DUPLICATE_METHOD_MATCH = YES;
				COPY_PHASE_STRIP = NO;
				DEBUG_INFORMATION_FORMAT = "dwarf-with-dsym";
				ENABLE_NS_ASSERTIONS = NO;
				ENABLE_STRICT_OBJC_MSGSEND = YES;
				GCC_C_LANGUAGE_STANDARD = gnu11;
				GCC_NO_COMMON_BLOCKS = YES;
				GCC_WARN_64_TO_32_BIT_CONVERSION = YES;
				GCC_WARN_ABOUT_RETURN_TYPE = YES_ERROR;
				GCC_WARN_UNDECLARED_SELECTOR = YES;
				GCC_WARN_UNINITIALIZED_AUTOS = YES_AGGRESSIVE;
				GCC_WARN_UNUSED_FUNCTION = YES;
				GCC_WARN_UNUSED_VARIABLE = YES;
				IPHONEOS_DEPLOYMENT_TARGET = 13.2;
				MTL_ENABLE_DEBUG_INFO = NO;
				MTL_FAST_MATH = YES;
				SDKROOT = iphoneos;
				SWIFT_COMPILATION_MODE = wholemodule;
				SWIFT_OPTIMIZATION_LEVEL = "-O";
				VALIDATE_PRODUCT = YES;
			};
			name = Release;
		};
		83D7492C249738A000851AB0 /* Debug */ = {
			isa = XCBuildConfiguration;
			buildSettings = {
				ASSETCATALOG_COMPILER_APPICON_NAME = AppIcon;
				CODE_SIGN_STYLE = Automatic;
				INFOPLIST_FILE = Movie_App/Info.plist;
				LD_RUNPATH_SEARCH_PATHS = (
					"$(inherited)",
					"@executable_path/Frameworks",
				);
				PRODUCT_BUNDLE_IDENTIFIER = "com.accenture.Movie-App";
				PRODUCT_NAME = "$(TARGET_NAME)";
				SWIFT_VERSION = 5.0;
				TARGETED_DEVICE_FAMILY = "1,2";
			};
			name = Debug;
		};
		83D7492D249738A000851AB0 /* Release */ = {
			isa = XCBuildConfiguration;
			buildSettings = {
				ASSETCATALOG_COMPILER_APPICON_NAME = AppIcon;
				CODE_SIGN_STYLE = Automatic;
				INFOPLIST_FILE = Movie_App/Info.plist;
				LD_RUNPATH_SEARCH_PATHS = (
					"$(inherited)",
					"@executable_path/Frameworks",
				);
				PRODUCT_BUNDLE_IDENTIFIER = "com.accenture.Movie-App";
				PRODUCT_NAME = "$(TARGET_NAME)";
				SWIFT_VERSION = 5.0;
				TARGETED_DEVICE_FAMILY = "1,2";
			};
			name = Release;
		};
		83D7492F249738A000851AB0 /* Debug */ = {
			isa = XCBuildConfiguration;
			buildSettings = {
				ALWAYS_EMBED_SWIFT_STANDARD_LIBRARIES = YES;
				BUNDLE_LOADER = "$(TEST_HOST)";
				CODE_SIGN_STYLE = Automatic;
				INFOPLIST_FILE = Movie_AppTests/Info.plist;
				IPHONEOS_DEPLOYMENT_TARGET = 13.2;
				LD_RUNPATH_SEARCH_PATHS = (
					"$(inherited)",
					"@executable_path/Frameworks",
					"@loader_path/Frameworks",
				);
				PRODUCT_BUNDLE_IDENTIFIER = "com.accenture.Movie-AppTests";
				PRODUCT_NAME = "$(TARGET_NAME)";
				SWIFT_VERSION = 5.0;
				TARGETED_DEVICE_FAMILY = "1,2";
				TEST_HOST = "$(BUILT_PRODUCTS_DIR)/Movie_App.app/Movie_App";
			};
			name = Debug;
		};
		83D74930249738A000851AB0 /* Release */ = {
			isa = XCBuildConfiguration;
			buildSettings = {
				ALWAYS_EMBED_SWIFT_STANDARD_LIBRARIES = YES;
				BUNDLE_LOADER = "$(TEST_HOST)";
				CODE_SIGN_STYLE = Automatic;
				INFOPLIST_FILE = Movie_AppTests/Info.plist;
				IPHONEOS_DEPLOYMENT_TARGET = 13.2;
				LD_RUNPATH_SEARCH_PATHS = (
					"$(inherited)",
					"@executable_path/Frameworks",
					"@loader_path/Frameworks",
				);
				PRODUCT_BUNDLE_IDENTIFIER = "com.accenture.Movie-AppTests";
				PRODUCT_NAME = "$(TARGET_NAME)";
				SWIFT_VERSION = 5.0;
				TARGETED_DEVICE_FAMILY = "1,2";
				TEST_HOST = "$(BUILT_PRODUCTS_DIR)/Movie_App.app/Movie_App";
			};
			name = Release;
		};
		83D74932249738A000851AB0 /* Debug */ = {
			isa = XCBuildConfiguration;
			buildSettings = {
				ALWAYS_EMBED_SWIFT_STANDARD_LIBRARIES = YES;
				CODE_SIGN_STYLE = Automatic;
				INFOPLIST_FILE = Movie_AppUITests/Info.plist;
				LD_RUNPATH_SEARCH_PATHS = (
					"$(inherited)",
					"@executable_path/Frameworks",
					"@loader_path/Frameworks",
				);
				PRODUCT_BUNDLE_IDENTIFIER = "com.accenture.Movie-AppUITests";
				PRODUCT_NAME = "$(TARGET_NAME)";
				SWIFT_VERSION = 5.0;
				TARGETED_DEVICE_FAMILY = "1,2";
				TEST_TARGET_NAME = Movie_App;
			};
			name = Debug;
		};
		83D74933249738A000851AB0 /* Release */ = {
			isa = XCBuildConfiguration;
			buildSettings = {
				ALWAYS_EMBED_SWIFT_STANDARD_LIBRARIES = YES;
				CODE_SIGN_STYLE = Automatic;
				INFOPLIST_FILE = Movie_AppUITests/Info.plist;
				LD_RUNPATH_SEARCH_PATHS = (
					"$(inherited)",
					"@executable_path/Frameworks",
					"@loader_path/Frameworks",
				);
				PRODUCT_BUNDLE_IDENTIFIER = "com.accenture.Movie-AppUITests";
				PRODUCT_NAME = "$(TARGET_NAME)";
				SWIFT_VERSION = 5.0;
				TARGETED_DEVICE_FAMILY = "1,2";
				TEST_TARGET_NAME = Movie_App;
			};
			name = Release;
		};
/* End XCBuildConfiguration section */

/* Begin XCConfigurationList section */
		83D748FC2497389F00851AB0 /* Build configuration list for PBXProject "Movie_App" */ = {
			isa = XCConfigurationList;
			buildConfigurations = (
				83D74929249738A000851AB0 /* Debug */,
				83D7492A249738A000851AB0 /* Release */,
			);
			defaultConfigurationIsVisible = 0;
			defaultConfigurationName = Release;
		};
		83D7492B249738A000851AB0 /* Build configuration list for PBXNativeTarget "Movie_App" */ = {
			isa = XCConfigurationList;
			buildConfigurations = (
				83D7492C249738A000851AB0 /* Debug */,
				83D7492D249738A000851AB0 /* Release */,
			);
			defaultConfigurationIsVisible = 0;
			defaultConfigurationName = Release;
		};
		83D7492E249738A000851AB0 /* Build configuration list for PBXNativeTarget "Movie_AppTests" */ = {
			isa = XCConfigurationList;
			buildConfigurations = (
				83D7492F249738A000851AB0 /* Debug */,
				83D74930249738A000851AB0 /* Release */,
			);
			defaultConfigurationIsVisible = 0;
			defaultConfigurationName = Release;
		};
		83D74931249738A000851AB0 /* Build configuration list for PBXNativeTarget "Movie_AppUITests" */ = {
			isa = XCConfigurationList;
			buildConfigurations = (
				83D74932249738A000851AB0 /* Debug */,
				83D74933249738A000851AB0 /* Release */,
			);
			defaultConfigurationIsVisible = 0;
			defaultConfigurationName = Release;
		};
/* End XCConfigurationList section */

/* Begin XCRemoteSwiftPackageReference section */
		83D749702497500C00851AB0 /* XCRemoteSwiftPackageReference "SDWebImage" */ = {
			isa = XCRemoteSwiftPackageReference;
			repositoryURL = "https://github.com/SDWebImage/SDWebImage.git";
			requirement = {
				kind = upToNextMajorVersion;
				minimumVersion = 5.8.1;
			};
		};
/* End XCRemoteSwiftPackageReference section */

/* Begin XCSwiftPackageProductDependency section */
		83D749712497500C00851AB0 /* SDWebImage */ = {
			isa = XCSwiftPackageProductDependency;
			package = 83D749702497500C00851AB0 /* XCRemoteSwiftPackageReference "SDWebImage" */;
			productName = SDWebImage;
		};
/* End XCSwiftPackageProductDependency section */
	};
	rootObject = 83D748F92497389F00851AB0 /* Project object */;
}
